
Microsoft Visual Studio Solution File, Format Version 12.00
# Visual Studio Version 16
VisualStudioVersion = 16.0.29418.71
MinimumVisualStudioVersion = 10.0.40219.1
Project("{9A19103F-16F7-4668-BE54-9A1E7A4F7556}") = "ThreadFeeder", "ThreadFeeder\ThreadFeeder.csproj", "{5BB08CCF-5E27-4CF7-960E-914CC01C8F78}"
EndProject
Project("{2150E333-8FDC-42A3-9474-1A3956D46DE8}") = "Solution Items", "Solution Items", "{64336D47-F491-47C9-9D57-CFAA6AC87507}"
	ProjectSection(SolutionItems) = preProject
		.gitignore = .gitignore
		LICENSE = LICENSE
		README.md = README.md
	EndProjectSection
EndProject
Global
	GlobalSection(SolutionConfigurationPlatforms) = preSolution
		Debug|Any CPU = Debug|Any CPU
		Release|Any CPU = Release|Any CPU
	EndGlobalSection
	GlobalSection(ProjectConfigurationPlatforms) = postSolution
		{5BB08CCF-5E27-4CF7-960E-914CC01C8F78}.Debug|Any CPU.ActiveCfg = Debug|Any CPU
		{5BB08CCF-5E27-4CF7-960E-914CC01C8F78}.Debug|Any CPU.Build.0 = Debug|Any CPU
		{5BB08CCF-5E27-4CF7-960E-914CC01C8F78}.Release|Any CPU.ActiveCfg = Release|Any CPU
		{5BB08CCF-5E27-4CF7-960E-914CC01C8F78}.Release|Any CPU.Build.0 = Release|Any CPU
	EndGlobalSection
	GlobalSection(SolutionProperties) = preSolution
		HideSolutionNode = FALSE
	EndGlobalSection
	GlobalSection(ExtensibilityGlobals) = postSolution
		SolutionGuid = {13B8723A-8B19-4B35-9958-4A486602043F}
	EndGlobalSection
EndGlobal
